
Microsoft Visual Studio Solution File, Format Version 12.00
# Visual Studio Version 16
VisualStudioVersion = 16.0.28803.156
MinimumVisualStudioVersion = 10.0.40219.1
Project("{9A19103F-16F7-4668-BE54-9A1E7A4F7556}") = "Lesson 6", "Lesson 6\Lesson 6.csproj", "{0DD41BEE-47C6-4CF1-9913-68720E024251}"
EndProject
Project("{FAE04EC0-301F-11D3-BF4B-00C04F79EFBC}") = "DBCOnnection IFC", "DBCOnnection IFC\DBCOnnection IFC.csproj", "{DD4EEA9F-500E-4EB3-84E5-3262D866E2BA}"
EndProject
Global
	GlobalSection(SolutionConfigurationPlatforms) = preSolution
		Debug|Any CPU = Debug|Any CPU
		Release|Any CPU = Release|Any CPU
	EndGlobalSection
	GlobalSection(ProjectConfigurationPlatforms) = postSolution
		{0DD41BEE-47C6-4CF1-9913-68720E024251}.Debug|Any CPU.ActiveCfg = Debug|Any CPU
		{0DD41BEE-47C6-4CF1-9913-68720E024251}.Debug|Any CPU.Build.0 = Debug|Any CPU
		{0DD41BEE-47C6-4CF1-9913-68720E024251}.Release|Any CPU.ActiveCfg = Release|Any CPU
		{0DD41BEE-47C6-4CF1-9913-68720E024251}.Release|Any CPU.Build.0 = Release|Any CPU
		{DD4EEA9F-500E-4EB3-84E5-3262D866E2BA}.Debug|Any CPU.ActiveCfg = Debug|Any CPU
		{DD4EEA9F-500E-4EB3-84E5-3262D866E2BA}.Debug|Any CPU.Build.0 = Debug|Any CPU
		{DD4EEA9F-500E-4EB3-84E5-3262D866E2BA}.Release|Any CPU.ActiveCfg = Release|Any CPU
		{DD4EEA9F-500E-4EB3-84E5-3262D866E2BA}.Release|Any CPU.Build.0 = Release|Any CPU
	EndGlobalSection
	GlobalSection(SolutionProperties) = preSolution
		HideSolutionNode = FALSE
	EndGlobalSection
	GlobalSection(ExtensibilityGlobals) = postSolution
		SolutionGuid = {91750AD5-2203-4B5C-B02B-46EC0E84F581}
	EndGlobalSection
EndGlobal
