
Microsoft Visual Studio Solution File, Format Version 12.00
# Visual Studio Version 16
VisualStudioVersion = 16.0.28803.202
MinimumVisualStudioVersion = 10.0.40219.1
Project("{FAE04EC0-301F-11D3-BF4B-00C04F79EFBC}") = "C3L1", "C3L1.csproj", "{1CA2C0A7-2C0B-484B-BD9C-8E4457AB4D84}"
EndProject
Project("{FAE04EC0-301F-11D3-BF4B-00C04F79EFBC}") = "Genereic", "..\Genereic\Genereic.csproj", "{020E246D-A5CA-4CAB-83D2-87CD3B8FF059}"
EndProject
Global
	GlobalSection(SolutionConfigurationPlatforms) = preSolution
		Debug|Any CPU = Debug|Any CPU
		Release|Any CPU = Release|Any CPU
	EndGlobalSection
	GlobalSection(ProjectConfigurationPlatforms) = postSolution
		{1CA2C0A7-2C0B-484B-BD9C-8E4457AB4D84}.Debug|Any CPU.ActiveCfg = Debug|Any CPU
		{1CA2C0A7-2C0B-484B-BD9C-8E4457AB4D84}.Debug|Any CPU.Build.0 = Debug|Any CPU
		{1CA2C0A7-2C0B-484B-BD9C-8E4457AB4D84}.Release|Any CPU.ActiveCfg = Release|Any CPU
		{1CA2C0A7-2C0B-484B-BD9C-8E4457AB4D84}.Release|Any CPU.Build.0 = Release|Any CPU
		{020E246D-A5CA-4CAB-83D2-87CD3B8FF059}.Debug|Any CPU.ActiveCfg = Debug|Any CPU
		{020E246D-A5CA-4CAB-83D2-87CD3B8FF059}.Debug|Any CPU.Build.0 = Debug|Any CPU
		{020E246D-A5CA-4CAB-83D2-87CD3B8FF059}.Release|Any CPU.ActiveCfg = Release|Any CPU
		{020E246D-A5CA-4CAB-83D2-87CD3B8FF059}.Release|Any CPU.Build.0 = Release|Any CPU
	EndGlobalSection
	GlobalSection(SolutionProperties) = preSolution
		HideSolutionNode = FALSE
	EndGlobalSection
	GlobalSection(ExtensibilityGlobals) = postSolution
		SolutionGuid = {68C0DF69-07F3-4D9B-B641-CDD387521480}
	EndGlobalSection
EndGlobal
