
Microsoft Visual Studio Solution File, Format Version 12.00
# Visual Studio Version 16
VisualStudioVersion = 16.0.28803.156
MinimumVisualStudioVersion = 10.0.40219.1
Project("{FAE04EC0-301F-11D3-BF4B-00C04F79EFBC}") = "Calculator", "..\Calculator\Calculator.csproj", "{62347406-D0F8-4557-BD37-E520E25EDA03}"
EndProject
Global
	GlobalSection(SolutionConfigurationPlatforms) = preSolution
		Debug|Any CPU = Debug|Any CPU
		Release|Any CPU = Release|Any CPU
	EndGlobalSection
	GlobalSection(ProjectConfigurationPlatforms) = postSolution
		{62347406-D0F8-4557-BD37-E520E25EDA03}.Debug|Any CPU.ActiveCfg = Debug|Any CPU
		{62347406-D0F8-4557-BD37-E520E25EDA03}.Debug|Any CPU.Build.0 = Debug|Any CPU
		{62347406-D0F8-4557-BD37-E520E25EDA03}.Release|Any CPU.ActiveCfg = Release|Any CPU
		{62347406-D0F8-4557-BD37-E520E25EDA03}.Release|Any CPU.Build.0 = Release|Any CPU
	EndGlobalSection
	GlobalSection(SolutionProperties) = preSolution
		HideSolutionNode = FALSE
	EndGlobalSection
	GlobalSection(ExtensibilityGlobals) = postSolution
		SolutionGuid = {F81CB2FA-2E30-4A50-8A2E-830F32294646}
	EndGlobalSection
EndGlobal
